// !$*UTF8*$!
{
	archiveVersion = 1;
	classes = {
	};
	objectVersion = 46;
	objects = {

/* Begin PBXBuildFile section */
		0A52B3241DF07B980077A805 /* AppDelegate.swift in Sources */ = {isa = PBXBuildFile; fileRef = 0A52B3231DF07B980077A805 /* AppDelegate.swift */; };
		0A52B3291DF07B980077A805 /* Main.storyboard in Resources */ = {isa = PBXBuildFile; fileRef = 0A52B3271DF07B980077A805 /* Main.storyboard */; };
		0A52B32B1DF07B980077A805 /* Assets.xcassets in Resources */ = {isa = PBXBuildFile; fileRef = 0A52B32A1DF07B980077A805 /* Assets.xcassets */; };
		0A52B32E1DF07B980077A805 /* LaunchScreen.storyboard in Resources */ = {isa = PBXBuildFile; fileRef = 0A52B32C1DF07B980077A805 /* LaunchScreen.storyboard */; };
		0A52B33D1DF084530077A805 /* buy_now_button.png in Resources */ = {isa = PBXBuildFile; fileRef = 0A52B33C1DF084530077A805 /* buy_now_button.png */; };
		0A52B33F1DF086F80077A805 /* product1.jpg in Resources */ = {isa = PBXBuildFile; fileRef = 0A52B33E1DF086F80077A805 /* product1.jpg */; };
		0A52B3471DF08A5A0077A805 /* APIInteractor.swift in Sources */ = {isa = PBXBuildFile; fileRef = 0A52B3411DF08A5A0077A805 /* APIInteractor.swift */; };
		0A52B3481DF08A5A0077A805 /* Product.swift in Sources */ = {isa = PBXBuildFile; fileRef = 0A52B3421DF08A5A0077A805 /* Product.swift */; };
		0A52B3491DF08A5A0077A805 /* ProductInterface.swift in Sources */ = {isa = PBXBuildFile; fileRef = 0A52B3431DF08A5A0077A805 /* ProductInterface.swift */; };
		0A52B34A1DF08A5A0077A805 /* ProductList.json in Resources */ = {isa = PBXBuildFile; fileRef = 0A52B3441DF08A5A0077A805 /* ProductList.json */; };
		0A52B34B1DF08A5A0077A805 /* ProductRequest.swift in Sources */ = {isa = PBXBuildFile; fileRef = 0A52B3451DF08A5A0077A805 /* ProductRequest.swift */; };
		0A52B34C1DF08A5A0077A805 /* RequestManager.swift in Sources */ = {isa = PBXBuildFile; fileRef = 0A52B3461DF08A5A0077A805 /* RequestManager.swift */; };
		0A52B3521DF08D780077A805 /* ProductCell.swift in Sources */ = {isa = PBXBuildFile; fileRef = 0A52B34E1DF08D780077A805 /* ProductCell.swift */; };
		0A52B3531DF08D780077A805 /* ProductDetailViewController.swift in Sources */ = {isa = PBXBuildFile; fileRef = 0A52B3501DF08D780077A805 /* ProductDetailViewController.swift */; };
		0A52B3541DF08D780077A805 /* ProductsViewController.swift in Sources */ = {isa = PBXBuildFile; fileRef = 0A52B3511DF08D780077A805 /* ProductsViewController.swift */; };
		0A52B3561DF08D7F0077A805 /* ViewPager.swift in Sources */ = {isa = PBXBuildFile; fileRef = 0A52B3551DF08D7F0077A805 /* ViewPager.swift */; };
		0A52B35A1DF093770077A805 /* RealAPI.swift in Sources */ = {isa = PBXBuildFile; fileRef = 0A52B3581DF093770077A805 /* RealAPI.swift */; };
		0A52B35B1DF093770077A805 /* TestAPI.swift in Sources */ = {isa = PBXBuildFile; fileRef = 0A52B3591DF093770077A805 /* TestAPI.swift */; };
		8615C90F693E74D2743CFB49 /* Pods_ShoppingApp.framework in Frameworks */ = {isa = PBXBuildFile; fileRef = 15C68176723D67B724B1A8BD /* Pods_ShoppingApp.framework */; };
/* End PBXBuildFile section */

/* Begin PBXFileReference section */
		0A52B3201DF07B980077A805 /* ShoppingApp.app */ = {isa = PBXFileReference; explicitFileType = wrapper.application; includeInIndex = 0; path = ShoppingApp.app; sourceTree = BUILT_PRODUCTS_DIR; };
		0A52B3231DF07B980077A805 /* AppDelegate.swift */ = {isa = PBXFileReference; lastKnownFileType = sourcecode.swift; path = AppDelegate.swift; sourceTree = "<group>"; };
		0A52B3281DF07B980077A805 /* Base */ = {isa = PBXFileReference; lastKnownFileType = file.storyboard; name = Base; path = Base.lproj/Main.storyboard; sourceTree = "<group>"; };
		0A52B32A1DF07B980077A805 /* Assets.xcassets */ = {isa = PBXFileReference; lastKnownFileType = folder.assetcatalog; path = Assets.xcassets; sourceTree = "<group>"; };
		0A52B32D1DF07B980077A805 /* Base */ = {isa = PBXFileReference; lastKnownFileType = file.storyboard; name = Base; path = Base.lproj/LaunchScreen.storyboard; sourceTree = "<group>"; };
		0A52B32F1DF07B980077A805 /* Info.plist */ = {isa = PBXFileReference; lastKnownFileType = text.plist.xml; path = Info.plist; sourceTree = "<group>"; };
		0A52B33C1DF084530077A805 /* buy_now_button.png */ = {isa = PBXFileReference; lastKnownFileType = image.png; path = buy_now_button.png; sourceTree = "<group>"; };
		0A52B33E1DF086F80077A805 /* product1.jpg */ = {isa = PBXFileReference; lastKnownFileType = image.jpeg; path = product1.jpg; sourceTree = "<group>"; };
		0A52B3411DF08A5A0077A805 /* APIInteractor.swift */ = {isa = PBXFileReference; fileEncoding = 4; lastKnownFileType = sourcecode.swift; path = APIInteractor.swift; sourceTree = "<group>"; };
		0A52B3421DF08A5A0077A805 /* Product.swift */ = {isa = PBXFileReference; fileEncoding = 4; lastKnownFileType = sourcecode.swift; path = Product.swift; sourceTree = "<group>"; };
		0A52B3431DF08A5A0077A805 /* ProductInterface.swift */ = {isa = PBXFileReference; fileEncoding = 4; lastKnownFileType = sourcecode.swift; path = ProductInterface.swift; sourceTree = "<group>"; };
		0A52B3441DF08A5A0077A805 /* ProductList.json */ = {isa = PBXFileReference; fileEncoding = 4; lastKnownFileType = text.json; path = ProductList.json; sourceTree = "<group>"; };
		0A52B3451DF08A5A0077A805 /* ProductRequest.swift */ = {isa = PBXFileReference; fileEncoding = 4; lastKnownFileType = sourcecode.swift; path = ProductRequest.swift; sourceTree = "<group>"; };
		0A52B3461DF08A5A0077A805 /* RequestManager.swift */ = {isa = PBXFileReference; fileEncoding = 4; lastKnownFileType = sourcecode.swift; path = RequestManager.swift; sourceTree = "<group>"; };
		0A52B34E1DF08D780077A805 /* ProductCell.swift */ = {isa = PBXFileReference; fileEncoding = 4; lastKnownFileType = sourcecode.swift; path = ProductCell.swift; sourceTree = "<group>"; };
		0A52B3501DF08D780077A805 /* ProductDetailViewController.swift */ = {isa = PBXFileReference; fileEncoding = 4; lastKnownFileType = sourcecode.swift; path = ProductDetailViewController.swift; sourceTree = "<group>"; };
		0A52B3511DF08D780077A805 /* ProductsViewController.swift */ = {isa = PBXFileReference; fileEncoding = 4; lastKnownFileType = sourcecode.swift; path = ProductsViewController.swift; sourceTree = "<group>"; };
		0A52B3551DF08D7F0077A805 /* ViewPager.swift */ = {isa = PBXFileReference; fileEncoding = 4; lastKnownFileType = sourcecode.swift; name = ViewPager.swift; path = Modal/ViewPager.swift; sourceTree = "<group>"; };
		0A52B3581DF093770077A805 /* RealAPI.swift */ = {isa = PBXFileReference; fileEncoding = 4; lastKnownFileType = sourcecode.swift; path = RealAPI.swift; sourceTree = "<group>"; };
		0A52B3591DF093770077A805 /* TestAPI.swift */ = {isa = PBXFileReference; fileEncoding = 4; lastKnownFileType = sourcecode.swift; path = TestAPI.swift; sourceTree = "<group>"; };
		15C68176723D67B724B1A8BD /* Pods_ShoppingApp.framework */ = {isa = PBXFileReference; explicitFileType = wrapper.framework; includeInIndex = 0; path = Pods_ShoppingApp.framework; sourceTree = BUILT_PRODUCTS_DIR; };
		44B5A7231A1EAFD6BAAE9186 /* Pods-ShoppingApp.debug.xcconfig */ = {isa = PBXFileReference; includeInIndex = 1; lastKnownFileType = text.xcconfig; name = "Pods-ShoppingApp.debug.xcconfig"; path = "Pods/Target Support Files/Pods-ShoppingApp/Pods-ShoppingApp.debug.xcconfig"; sourceTree = "<group>"; };
		B2456FEF035057E7C0A0FA44 /* Pods-ShoppingApp.release.xcconfig */ = {isa = PBXFileReference; includeInIndex = 1; lastKnownFileType = text.xcconfig; name = "Pods-ShoppingApp.release.xcconfig"; path = "Pods/Target Support Files/Pods-ShoppingApp/Pods-ShoppingApp.release.xcconfig"; sourceTree = "<group>"; };
/* End PBXFileReference section */

/* Begin PBXFrameworksBuildPhase section */
		0A52B31D1DF07B980077A805 /* Frameworks */ = {
			isa = PBXFrameworksBuildPhase;
			buildActionMask = 2147483647;
			files = (
				8615C90F693E74D2743CFB49 /* Pods_ShoppingApp.framework in Frameworks */,
			);
			runOnlyForDeploymentPostprocessing = 0;
		};
/* End PBXFrameworksBuildPhase section */

/* Begin PBXGroup section */
		0A52B3171DF07B980077A805 = {
			isa = PBXGroup;
			children = (
				0A52B3221DF07B980077A805 /* ShoppingApp */,
				0A52B3211DF07B980077A805 /* Products */,
				F247B00A6D62930A8BB46D69 /* Pods */,
				56696C8DE58AF31E2870EC81 /* Frameworks */,
			);
			sourceTree = "<group>";
		};
		0A52B3211DF07B980077A805 /* Products */ = {
			isa = PBXGroup;
			children = (
				0A52B3201DF07B980077A805 /* ShoppingApp.app */,
			);
			name = Products;
			sourceTree = "<group>";
		};
		0A52B3221DF07B980077A805 /* ShoppingApp */ = {
			isa = PBXGroup;
			children = (
				0A52B3571DF093770077A805 /* APIClasses */,
				0A52B34D1DF08D780077A805 /* Cell */,
				0A52B34F1DF08D780077A805 /* ViewController */,
				0A52B3401DF08A5A0077A805 /* Modal */,
				0A52B3391DF080F70077A805 /* Helpers */,
				0A52B3231DF07B980077A805 /* AppDelegate.swift */,
				0A52B3271DF07B980077A805 /* Main.storyboard */,
				0A52B32A1DF07B980077A805 /* Assets.xcassets */,
				0A52B32C1DF07B980077A805 /* LaunchScreen.storyboard */,
				0A52B32F1DF07B980077A805 /* Info.plist */,
			);
			path = ShoppingApp;
			sourceTree = "<group>";
		};
		0A52B3391DF080F70077A805 /* Helpers */ = {
			isa = PBXGroup;
			children = (
				0A52B3551DF08D7F0077A805 /* ViewPager.swift */,
				0A52B33E1DF086F80077A805 /* product1.jpg */,
				0A52B33C1DF084530077A805 /* buy_now_button.png */,
			);
			name = Helpers;
			sourceTree = "<group>";
		};
		0A52B3401DF08A5A0077A805 /* Modal */ = {
			isa = PBXGroup;
			children = (
				0A52B3411DF08A5A0077A805 /* APIInteractor.swift */,
				0A52B3421DF08A5A0077A805 /* Product.swift */,
				0A52B3431DF08A5A0077A805 /* ProductInterface.swift */,
				0A52B3441DF08A5A0077A805 /* ProductList.json */,
				0A52B3451DF08A5A0077A805 /* ProductRequest.swift */,
				0A52B3461DF08A5A0077A805 /* RequestManager.swift */,
			);
			path = Modal;
			sourceTree = "<group>";
		};
		0A52B34D1DF08D780077A805 /* Cell */ = {
			isa = PBXGroup;
			children = (
				0A52B34E1DF08D780077A805 /* ProductCell.swift */,
			);
			path = Cell;
			sourceTree = "<group>";
		};
		0A52B34F1DF08D780077A805 /* ViewController */ = {
			isa = PBXGroup;
			children = (
				0A52B3501DF08D780077A805 /* ProductDetailViewController.swift */,
				0A52B3511DF08D780077A805 /* ProductsViewController.swift */,
			);
			path = ViewController;
			sourceTree = "<group>";
		};
		0A52B3571DF093770077A805 /* APIClasses */ = {
			isa = PBXGroup;
			children = (
				0A52B3581DF093770077A805 /* RealAPI.swift */,
				0A52B3591DF093770077A805 /* TestAPI.swift */,
			);
			path = APIClasses;
			sourceTree = "<group>";
		};
		56696C8DE58AF31E2870EC81 /* Frameworks */ = {
			isa = PBXGroup;
			children = (
				15C68176723D67B724B1A8BD /* Pods_ShoppingApp.framework */,
			);
			name = Frameworks;
			sourceTree = "<group>";
		};
		F247B00A6D62930A8BB46D69 /* Pods */ = {
			isa = PBXGroup;
			children = (
				44B5A7231A1EAFD6BAAE9186 /* Pods-ShoppingApp.debug.xcconfig */,
				B2456FEF035057E7C0A0FA44 /* Pods-ShoppingApp.release.xcconfig */,
			);
			name = Pods;
			sourceTree = "<group>";
		};
/* End PBXGroup section */

/* Begin PBXNativeTarget section */
		0A52B31F1DF07B980077A805 /* ShoppingApp */ = {
			isa = PBXNativeTarget;
			buildConfigurationList = 0A52B3321DF07B980077A805 /* Build configuration list for PBXNativeTarget "ShoppingApp" */;
			buildPhases = (
				322CE7D6682927B038F0BC9F /* [CP] Check Pods Manifest.lock */,
				0A52B31C1DF07B980077A805 /* Sources */,
				0A52B31D1DF07B980077A805 /* Frameworks */,
				0A52B31E1DF07B980077A805 /* Resources */,
				28F3FCDD24CBB7C9C1312048 /* [CP] Embed Pods Frameworks */,
				61A0B0BA7CC1FCD42A86D041 /* [CP] Copy Pods Resources */,
			);
			buildRules = (
			);
			dependencies = (
			);
			name = ShoppingApp;
			productName = ShoppingApp;
			productReference = 0A52B3201DF07B980077A805 /* ShoppingApp.app */;
			productType = "com.apple.product-type.application";
		};
/* End PBXNativeTarget section */

/* Begin PBXProject section */
		0A52B3181DF07B980077A805 /* Project object */ = {
			isa = PBXProject;
			attributes = {
				LastSwiftUpdateCheck = 0800;
				LastUpgradeCheck = 0800;
				ORGANIZATIONNAME = Sumit;
				TargetAttributes = {
					0A52B31F1DF07B980077A805 = {
						CreatedOnToolsVersion = 8.0;
						DevelopmentTeam = CW6QM3K6LP;
						ProvisioningStyle = Automatic;
					};
				};
			};
			buildConfigurationList = 0A52B31B1DF07B980077A805 /* Build configuration list for PBXProject "ShoppingApp" */;
			compatibilityVersion = "Xcode 3.2";
			developmentRegion = English;
			hasScannedForEncodings = 0;
			knownRegions = (
				en,
				Base,
			);
			mainGroup = 0A52B3171DF07B980077A805;
			productRefGroup = 0A52B3211DF07B980077A805 /* Products */;
			projectDirPath = "";
			projectRoot = "";
			targets = (
				0A52B31F1DF07B980077A805 /* ShoppingApp */,
			);
		};
/* End PBXProject section */

/* Begin PBXResourcesBuildPhase section */
		0A52B31E1DF07B980077A805 /* Resources */ = {
			isa = PBXResourcesBuildPhase;
			buildActionMask = 2147483647;
			files = (
				0A52B32E1DF07B980077A805 /* LaunchScreen.storyboard in Resources */,
				0A52B34A1DF08A5A0077A805 /* ProductList.json in Resources */,
				0A52B32B1DF07B980077A805 /* Assets.xcassets in Resources */,
				0A52B33F1DF086F80077A805 /* product1.jpg in Resources */,
				0A52B3291DF07B980077A805 /* Main.storyboard in Resources */,
				0A52B33D1DF084530077A805 /* buy_now_button.png in Resources */,
			);
			runOnlyForDeploymentPostprocessing = 0;
		};
/* End PBXResourcesBuildPhase section */

/* Begin PBXShellScriptBuildPhase section */
		28F3FCDD24CBB7C9C1312048 /* [CP] Embed Pods Frameworks */ = {
			isa = PBXShellScriptBuildPhase;
			buildActionMask = 2147483647;
			files = (
			);
			inputPaths = (
			);
			name = "[CP] Embed Pods Frameworks";
			outputPaths = (
			);
			runOnlyForDeploymentPostprocessing = 0;
			shellPath = /bin/sh;
			shellScript = "\"${SRCROOT}/Pods/Target Support Files/Pods-ShoppingApp/Pods-ShoppingApp-frameworks.sh\"\n";
			showEnvVarsInLog = 0;
		};
		322CE7D6682927B038F0BC9F /* [CP] Check Pods Manifest.lock */ = {
			isa = PBXShellScriptBuildPhase;
			buildActionMask = 2147483647;
			files = (
			);
			inputPaths = (
			);
			name = "[CP] Check Pods Manifest.lock";
			outputPaths = (
			);
			runOnlyForDeploymentPostprocessing = 0;
			shellPath = /bin/sh;
			shellScript = "diff \"${PODS_ROOT}/../Podfile.lock\" \"${PODS_ROOT}/Manifest.lock\" > /dev/null\nif [[ $? != 0 ]] ; then\n    cat << EOM\nerror: The sandbox is not in sync with the Podfile.lock. Run 'pod install' or update your CocoaPods installation.\nEOM\n    exit 1\nfi\n";
			showEnvVarsInLog = 0;
		};
		61A0B0BA7CC1FCD42A86D041 /* [CP] Copy Pods Resources */ = {
			isa = PBXShellScriptBuildPhase;
			buildActionMask = 2147483647;
			files = (
			);
			inputPaths = (
			);
			name = "[CP] Copy Pods Resources";
			outputPaths = (
			);
			runOnlyForDeploymentPostprocessing = 0;
			shellPath = /bin/sh;
			shellScript = "\"${SRCROOT}/Pods/Target Support Files/Pods-ShoppingApp/Pods-ShoppingApp-resources.sh\"\n";
			showEnvVarsInLog = 0;
		};
/* End PBXShellScriptBuildPhase section */

/* Begin PBXSourcesBuildPhase section */
		0A52B31C1DF07B980077A805 /* Sources */ = {
			isa = PBXSourcesBuildPhase;
			buildActionMask = 2147483647;
			files = (
				0A52B3471DF08A5A0077A805 /* APIInteractor.swift in Sources */,
				0A52B3491DF08A5A0077A805 /* ProductInterface.swift in Sources */,
				0A52B3531DF08D780077A805 /* ProductDetailViewController.swift in Sources */,
				0A52B34B1DF08A5A0077A805 /* ProductRequest.swift in Sources */,
				0A52B3541DF08D780077A805 /* ProductsViewController.swift in Sources */,
				0A52B34C1DF08A5A0077A805 /* RequestManager.swift in Sources */,
				0A52B35B1DF093770077A805 /* TestAPI.swift in Sources */,
				0A52B3561DF08D7F0077A805 /* ViewPager.swift in Sources */,
				0A52B35A1DF093770077A805 /* RealAPI.swift in Sources */,
				0A52B3241DF07B980077A805 /* AppDelegate.swift in Sources */,
				0A52B3521DF08D780077A805 /* ProductCell.swift in Sources */,
				0A52B3481DF08A5A0077A805 /* Product.swift in Sources */,
			);
			runOnlyForDeploymentPostprocessing = 0;
		};
/* End PBXSourcesBuildPhase section */

/* Begin PBXVariantGroup section */
		0A52B3271DF07B980077A805 /* Main.storyboard */ = {
			isa = PBXVariantGroup;
			children = (
				0A52B3281DF07B980077A805 /* Base */,
			);
			name = Main.storyboard;
			sourceTree = "<group>";
		};
		0A52B32C1DF07B980077A805 /* LaunchScreen.storyboard */ = {
			isa = PBXVariantGroup;
			children = (
				0A52B32D1DF07B980077A805 /* Base */,
			);
			name = LaunchScreen.storyboard;
			sourceTree = "<group>";
		};
/* End PBXVariantGroup section */

/* Begin XCBuildConfiguration section */
		0A52B3301DF07B980077A805 /* Debug */ = {
			isa = XCBuildConfiguration;
			buildSettings = {
				ALWAYS_SEARCH_USER_PATHS = NO;
				CLANG_ANALYZER_NONNULL = YES;
				CLANG_CXX_LANGUAGE_STANDARD = "gnu++0x";
				CLANG_CXX_LIBRARY = "libc++";
				CLANG_ENABLE_MODULES = YES;
				CLANG_ENABLE_OBJC_ARC = YES;
				CLANG_WARN_BOOL_CONVERSION = YES;
				CLANG_WARN_CONSTANT_CONVERSION = YES;
				CLANG_WARN_DIRECT_OBJC_ISA_USAGE = YES_ERROR;
				CLANG_WARN_DOCUMENTATION_COMMENTS = YES;
				CLANG_WARN_EMPTY_BODY = YES;
				CLANG_WARN_ENUM_CONVERSION = YES;
				CLANG_WARN_INFINITE_RECURSION = YES;
				CLANG_WARN_INT_CONVERSION = YES;
				CLANG_WARN_OBJC_ROOT_CLASS = YES_ERROR;
				CLANG_WARN_SUSPICIOUS_MOVES = YES;
				CLANG_WARN_UNREACHABLE_CODE = YES;
				CLANG_WARN__DUPLICATE_METHOD_MATCH = YES;
				"CODE_SIGN_IDENTITY[sdk=iphoneos*]" = "iPhone Developer";
				COPY_PHASE_STRIP = NO;
				DEBUG_INFORMATION_FORMAT = dwarf;
				ENABLE_STRICT_OBJC_MSGSEND = YES;
				ENABLE_TESTABILITY = YES;
				GCC_C_LANGUAGE_STANDARD = gnu99;
				GCC_DYNAMIC_NO_PIC = NO;
				GCC_NO_COMMON_BLOCKS = YES;
				GCC_OPTIMIZATION_LEVEL = 0;
				GCC_PREPROCESSOR_DEFINITIONS = (
					"DEBUG=1",
					"$(inherited)",
				);
				GCC_WARN_64_TO_32_BIT_CONVERSION = YES;
				GCC_WARN_ABOUT_RETURN_TYPE = YES_ERROR;
				GCC_WARN_UNDECLARED_SELECTOR = YES;
				GCC_WARN_UNINITIALIZED_AUTOS = YES_AGGRESSIVE;
				GCC_WARN_UNUSED_FUNCTION = YES;
				GCC_WARN_UNUSED_VARIABLE = YES;
				IPHONEOS_DEPLOYMENT_TARGET = 10.0;
				MTL_ENABLE_DEBUG_INFO = YES;
				ONLY_ACTIVE_ARCH = YES;
				SDKROOT = iphoneos;
				SWIFT_ACTIVE_COMPILATION_CONDITIONS = DEBUG;
				SWIFT_OPTIMIZATION_LEVEL = "-Onone";
				TARGETED_DEVICE_FAMILY = "1,2";
			};
			name = Debug;
		};
		0A52B3311DF07B980077A805 /* Release */ = {
			isa = XCBuildConfiguration;
			buildSettings = {
				ALWAYS_SEARCH_USER_PATHS = NO;
				CLANG_ANALYZER_NONNULL = YES;
				CLANG_CXX_LANGUAGE_STANDARD = "gnu++0x";
				CLANG_CXX_LIBRARY = "libc++";
				CLANG_ENABLE_MODULES = YES;
				CLANG_ENABLE_OBJC_ARC = YES;
				CLANG_WARN_BOOL_CONVERSION = YES;
				CLANG_WARN_CONSTANT_CONVERSION = YES;
				CLANG_WARN_DIRECT_OBJC_ISA_USAGE = YES_ERROR;
				CLANG_WARN_DOCUMENTATION_COMMENTS = YES;
				CLANG_WARN_EMPTY_BODY = YES;
				CLANG_WARN_ENUM_CONVERSION = YES;
				CLANG_WARN_INFINITE_RECURSION = YES;
				CLANG_WARN_INT_CONVERSION = YES;
				CLANG_WARN_OBJC_ROOT_CLASS = YES_ERROR;
				CLANG_WARN_SUSPICIOUS_MOVES = YES;
				CLANG_WARN_UNREACHABLE_CODE = YES;
				CLANG_WARN__DUPLICATE_METHOD_MATCH = YES;
				"CODE_SIGN_IDENTITY[sdk=iphoneos*]" = "iPhone Developer";
				COPY_PHASE_STRIP = NO;
				DEBUG_INFORMATION_FORMAT = "dwarf-with-dsym";
				ENABLE_NS_ASSERTIONS = NO;
				ENABLE_STRICT_OBJC_MSGSEND = YES;
				GCC_C_LANGUAGE_STANDARD = gnu99;
				GCC_NO_COMMON_BLOCKS = YES;
				GCC_WARN_64_TO_32_BIT_CONVERSION = YES;
				GCC_WARN_ABOUT_RETURN_TYPE = YES_ERROR;
				GCC_WARN_UNDECLARED_SELECTOR = YES;
				GCC_WARN_UNINITIALIZED_AUTOS = YES_AGGRESSIVE;
				GCC_WARN_UNUSED_FUNCTION = YES;
				GCC_WARN_UNUSED_VARIABLE = YES;
				IPHONEOS_DEPLOYMENT_TARGET = 10.0;
				MTL_ENABLE_DEBUG_INFO = NO;
				SDKROOT = iphoneos;
				SWIFT_OPTIMIZATION_LEVEL = "-Owholemodule";
				TARGETED_DEVICE_FAMILY = "1,2";
				VALIDATE_PRODUCT = YES;
			};
			name = Release;
		};
		0A52B3331DF07B980077A805 /* Debug */ = {
			isa = XCBuildConfiguration;
			baseConfigurationReference = 44B5A7231A1EAFD6BAAE9186 /* Pods-ShoppingApp.debug.xcconfig */;
			buildSettings = {
				ASSETCATALOG_COMPILER_APPICON_NAME = AppIcon;
				DEVELOPMENT_TEAM = CW6QM3K6LP;
				INFOPLIST_FILE = ShoppingApp/Info.plist;
				LD_RUNPATH_SEARCH_PATHS = "$(inherited) @executable_path/Frameworks";
				PRODUCT_BUNDLE_IDENTIFIER = com.organization.hitmcapp.ShoppingApp;
				PRODUCT_NAME = "$(TARGET_NAME)";
				SWIFT_VERSION = 3.0;
			};
			name = Debug;
		};
		0A52B3341DF07B980077A805 /* Release */ = {
			isa = XCBuildConfiguration;
			baseConfigurationReference = B2456FEF035057E7C0A0FA44 /* Pods-ShoppingApp.release.xcconfig */;
			buildSettings = {
				ASSETCATALOG_COMPILER_APPICON_NAME = AppIcon;
				DEVELOPMENT_TEAM = CW6QM3K6LP;
				INFOPLIST_FILE = ShoppingApp/Info.plist;
				LD_RUNPATH_SEARCH_PATHS = "$(inherited) @executable_path/Frameworks";
				PRODUCT_BUNDLE_IDENTIFIER = com.organization.hitmcapp.ShoppingApp;
				PRODUCT_NAME = "$(TARGET_NAME)";
				SWIFT_VERSION = 3.0;
			};
			name = Release;
		};
/* End XCBuildConfiguration section */

/* Begin XCConfigurationList section */
		0A52B31B1DF07B980077A805 /* Build configuration list for PBXProject "ShoppingApp" */ = {
			isa = XCConfigurationList;
			buildConfigurations = (
				0A52B3301DF07B980077A805 /* Debug */,
				0A52B3311DF07B980077A805 /* Release */,
			);
			defaultConfigurationIsVisible = 0;
			defaultConfigurationName = Release;
		};
		0A52B3321DF07B980077A805 /* Build configuration list for PBXNativeTarget "ShoppingApp" */ = {
			isa = XCConfigurationList;
			buildConfigurations = (
				0A52B3331DF07B980077A805 /* Debug */,
				0A52B3341DF07B980077A805 /* Release */,
			);
			defaultConfigurationIsVisible = 0;
			defaultConfigurationName = Release;
		};
/* End XCConfigurationList section */
	};
	rootObject = 0A52B3181DF07B980077A805 /* Project object */;
}
